Microsoft Visual Studio Solution File, Format Version 12.00
# Visual Studio Version 17
VisualStudioVersion = 17.5.2.0
MinimumVisualStudioVersion = 10.0.40219.1
Project("{FAE04EC0-301F-11D3-BF4B-00C04F79EFBC}") = "Custom_Program", "Custom_Program.csproj", "{8874738A-CB5F-0D31-BE70-E2E4BBD9A2BC}"
EndProject
Global
	GlobalSection(SolutionConfigurationPlatforms) = preSolution
		Debug|Any CPU = Debug|Any CPU
		Release|Any CPU = Release|Any CPU
	EndGlobalSection
	GlobalSection(ProjectConfigurationPlatforms) = postSolution
		{8874738A-CB5F-0D31-BE70-E2E4BBD9A2BC}.Debug|Any CPU.ActiveCfg = Debug|Any CPU
		{8874738A-CB5F-0D31-BE70-E2E4BBD9A2BC}.Debug|Any CPU.Build.0 = Debug|Any CPU
		{8874738A-CB5F-0D31-BE70-E2E4BBD9A2BC}.Release|Any CPU.ActiveCfg = Release|Any CPU
		{8874738A-CB5F-0D31-BE70-E2E4BBD9A2BC}.Release|Any CPU.Build.0 = Release|Any CPU
	EndGlobalSection
	GlobalSection(SolutionProperties) = preSolution
		HideSolutionNode = FALSE
	EndGlobalSection
	GlobalSection(ExtensibilityGlobals) = postSolution
		SolutionGuid = {B5B86C00-5485-4F7B-9010-4D136DBE4611}
	EndGlobalSection
EndGlobal
